// !$*UTF8*$!
{
	archiveVersion = 1;
	classes = {
	};
	objectVersion = 50;
	objects = {

/* Begin PBXBuildFile section */
		5AFDA6F62534FBE10058AC65 /* AppDelegate.swift in Sources */ = {isa = PBXBuildFile; fileRef = 5AFDA6F52534FBE10058AC65 /* AppDelegate.swift */; };
		5AFDA6F82534FBE10058AC65 /* SceneDelegate.swift in Sources */ = {isa = PBXBuildFile; fileRef = 5AFDA6F72534FBE10058AC65 /* SceneDelegate.swift */; };
		5AFDA6FD2534FBE10058AC65 /* Main.storyboard in Resources */ = {isa = PBXBuildFile; fileRef = 5AFDA6FB2534FBE10058AC65 /* Main.storyboard */; };
		5AFDA6FF2534FBE30058AC65 /* Assets.xcassets in Resources */ = {isa = PBXBuildFile; fileRef = 5AFDA6FE2534FBE30058AC65 /* Assets.xcassets */; };
		5AFDA7022534FBE30058AC65 /* LaunchScreen.storyboard in Resources */ = {isa = PBXBuildFile; fileRef = 5AFDA7002534FBE30058AC65 /* LaunchScreen.storyboard */; };
		5AFDA7142534FC800058AC65 /* CalcTextField.swift in Sources */ = {isa = PBXBuildFile; fileRef = 5AFDA7132534FC800058AC65 /* CalcTextField.swift */; };
		5AFDA7172534FC9A0058AC65 /* CalcButton.swift in Sources */ = {isa = PBXBuildFile; fileRef = 5AFDA7162534FC9A0058AC65 /* CalcButton.swift */; };
		5AFDA71E2534FEE30058AC65 /* StyleGuide.swift in Sources */ = {isa = PBXBuildFile; fileRef = 5AFDA71D2534FEE30058AC65 /* StyleGuide.swift */; };
		5AFDA729253506830058AC65 /* ViewController.swift in Sources */ = {isa = PBXBuildFile; fileRef = 5AFDA728253506830058AC65 /* ViewController.swift */; };
/* End PBXBuildFile section */

/* Begin PBXFileReference section */
		5AFDA6F22534FBE10058AC65 /* TipCalculator.app */ = {isa = PBXFileReference; explicitFileType = wrapper.application; includeInIndex = 0; path = TipCalculator.app; sourceTree = BUILT_PRODUCTS_DIR; };
		5AFDA6F52534FBE10058AC65 /* AppDelegate.swift */ = {isa = PBXFileReference; lastKnownFileType = sourcecode.swift; path = AppDelegate.swift; sourceTree = "<group>"; };
		5AFDA6F72534FBE10058AC65 /* SceneDelegate.swift */ = {isa = PBXFileReference; lastKnownFileType = sourcecode.swift; path = SceneDelegate.swift; sourceTree = "<group>"; };
		5AFDA6FC2534FBE10058AC65 /* Base */ = {isa = PBXFileReference; lastKnownFileType = file.storyboard; name = Base; path = Base.lproj/Main.storyboard; sourceTree = "<group>"; };
		5AFDA6FE2534FBE30058AC65 /* Assets.xcassets */ = {isa = PBXFileReference; lastKnownFileType = folder.assetcatalog; path = Assets.xcassets; sourceTree = "<group>"; };
		5AFDA7012534FBE30058AC65 /* Base */ = {isa = PBXFileReference; lastKnownFileType = file.storyboard; name = Base; path = Base.lproj/LaunchScreen.storyboard; sourceTree = "<group>"; };
		5AFDA7032534FBE30058AC65 /* Info.plist */ = {isa = PBXFileReference; lastKnownFileType = text.plist.xml; path = Info.plist; sourceTree = "<group>"; };
		5AFDA7132534FC800058AC65 /* CalcTextField.swift */ = {isa = PBXFileReference; lastKnownFileType = sourcecode.swift; path = CalcTextField.swift; sourceTree = "<group>"; };
		5AFDA7162534FC9A0058AC65 /* CalcButton.swift */ = {isa = PBXFileReference; lastKnownFileType = sourcecode.swift; path = CalcButton.swift; sourceTree = "<group>"; };
		5AFDA71D2534FEE30058AC65 /* StyleGuide.swift */ = {isa = PBXFileReference; lastKnownFileType = sourcecode.swift; path = StyleGuide.swift; sourceTree = "<group>"; };
		5AFDA728253506830058AC65 /* ViewController.swift */ = {isa = PBXFileReference; lastKnownFileType = sourcecode.swift; path = ViewController.swift; sourceTree = "<group>"; };
/* End PBXFileReference section */

/* Begin PBXFrameworksBuildPhase section */
		5AFDA6EF2534FBE10058AC65 /* Frameworks */ = {
			isa = PBXFrameworksBuildPhase;
			buildActionMask = 2147483647;
			files = (
			);
			runOnlyForDeploymentPostprocessing = 0;
		};
/* End PBXFrameworksBuildPhase section */

/* Begin PBXGroup section */
		5AFDA6E92534FBE10058AC65 = {
			isa = PBXGroup;
			children = (
				5AFDA6F42534FBE10058AC65 /* TipCalculator */,
				5AFDA6F32534FBE10058AC65 /* Products */,
			);
			sourceTree = "<group>";
		};
		5AFDA6F32534FBE10058AC65 /* Products */ = {
			isa = PBXGroup;
			children = (
				5AFDA6F22534FBE10058AC65 /* TipCalculator.app */,
			);
			name = Products;
			sourceTree = "<group>";
		};
		5AFDA6F42534FBE10058AC65 /* TipCalculator */ = {
			isa = PBXGroup;
			children = (
				5AFDA70D2534FBFD0058AC65 /* Controllers */,
				5AFDA70C2534FBF80058AC65 /* Views */,
				5AFDA71C2534FEC80058AC65 /* Helper */,
				5AFDA70A2534FBF00058AC65 /* Resources */,
			);
			path = TipCalculator;
			sourceTree = "<group>";
		};
		5AFDA70A2534FBF00058AC65 /* Resources */ = {
			isa = PBXGroup;
			children = (
				5AFDA6F52534FBE10058AC65 /* AppDelegate.swift */,
				5AFDA6F72534FBE10058AC65 /* SceneDelegate.swift */,
				5AFDA6FE2534FBE30058AC65 /* Assets.xcassets */,
				5AFDA7002534FBE30058AC65 /* LaunchScreen.storyboard */,
				5AFDA7032534FBE30058AC65 /* Info.plist */,
			);
			path = Resources;
			sourceTree = "<group>";
		};
		5AFDA70C2534FBF80058AC65 /* Views */ = {
			isa = PBXGroup;
			children = (
				5AFDA7102534FC4D0058AC65 /* CustomViews  */,
				5AFDA70F2534FC090058AC65 /* Storyboard */,
			);
			path = Views;
			sourceTree = "<group>";
		};
		5AFDA70D2534FBFD0058AC65 /* Controllers */ = {
			isa = PBXGroup;
			children = (
				5AFDA7112534FC5B0058AC65 /* ViewsController  */,
			);
			path = Controllers;
			sourceTree = "<group>";
		};
		5AFDA70F2534FC090058AC65 /* Storyboard */ = {
			isa = PBXGroup;
			children = (
				5AFDA6FB2534FBE10058AC65 /* Main.storyboard */,
			);
			path = Storyboard;
			sourceTree = "<group>";
		};
		5AFDA7102534FC4D0058AC65 /* CustomViews  */ = {
			isa = PBXGroup;
			children = (
				5AFDA71A2534FCEC0058AC65 /* CalctextField */,
				5AFDA7192534FCE20058AC65 /* CalcButton */,
			);
			path = "CustomViews ";
			sourceTree = "<group>";
		};
		5AFDA7112534FC5B0058AC65 /* ViewsController  */ = {
			isa = PBXGroup;
			children = (
				5AFDA728253506830058AC65 /* ViewController.swift */,
			);
			path = "ViewsController ";
			sourceTree = "<group>";
		};
		5AFDA7192534FCE20058AC65 /* CalcButton */ = {
			isa = PBXGroup;
			children = (
				5AFDA7162534FC9A0058AC65 /* CalcButton.swift */,
			);
			path = CalcButton;
			sourceTree = "<group>";
		};
		5AFDA71A2534FCEC0058AC65 /* CalctextField */ = {
			isa = PBXGroup;
			children = (
				5AFDA7132534FC800058AC65 /* CalcTextField.swift */,
			);
			path = CalctextField;
			sourceTree = "<group>";
		};
		5AFDA71C2534FEC80058AC65 /* Helper */ = {
			isa = PBXGroup;
			children = (
				5AFDA71D2534FEE30058AC65 /* StyleGuide.swift */,
			);
			path = Helper;
			sourceTree = "<group>";
		};
/* End PBXGroup section */

/* Begin PBXNativeTarget section */
		5AFDA6F12534FBE10058AC65 /* TipCalculator */ = {
			isa = PBXNativeTarget;
			buildConfigurationList = 5AFDA7062534FBE30058AC65 /* Build configuration list for PBXNativeTarget "TipCalculator" */;
			buildPhases = (
				5AFDA6EE2534FBE10058AC65 /* Sources */,
				5AFDA6EF2534FBE10058AC65 /* Frameworks */,
				5AFDA6F02534FBE10058AC65 /* Resources */,
			);
			buildRules = (
			);
			dependencies = (
			);
			name = TipCalculator;
			productName = TipCalculator;
			productReference = 5AFDA6F22534FBE10058AC65 /* TipCalculator.app */;
			productType = "com.apple.product-type.application";
		};
/* End PBXNativeTarget section */

/* Begin PBXProject section */
		5AFDA6EA2534FBE10058AC65 /* Project object */ = {
			isa = PBXProject;
			attributes = {
				LastSwiftUpdateCheck = 1200;
				LastUpgradeCheck = 1200;
				TargetAttributes = {
					5AFDA6F12534FBE10058AC65 = {
						CreatedOnToolsVersion = 12.0.1;
					};
				};
			};
			buildConfigurationList = 5AFDA6ED2534FBE10058AC65 /* Build configuration list for PBXProject "TipCalculator" */;
			compatibilityVersion = "Xcode 9.3";
			developmentRegion = en;
			hasScannedForEncodings = 0;
			knownRegions = (
				en,
				Base,
			);
			mainGroup = 5AFDA6E92534FBE10058AC65;
			productRefGroup = 5AFDA6F32534FBE10058AC65 /* Products */;
			projectDirPath = "";
			projectRoot = "";
			targets = (
				5AFDA6F12534FBE10058AC65 /* TipCalculator */,
			);
		};
/* End PBXProject section */

/* Begin PBXResourcesBuildPhase section */
		5AFDA6F02534FBE10058AC65 /* Resources */ = {
			isa = PBXResourcesBuildPhase;
			buildActionMask = 2147483647;
			files = (
				5AFDA7022534FBE30058AC65 /* LaunchScreen.storyboard in Resources */,
				5AFDA6FF2534FBE30058AC65 /* Assets.xcassets in Resources */,
				5AFDA6FD2534FBE10058AC65 /* Main.storyboard in Resources */,
			);
			runOnlyForDeploymentPostprocessing = 0;
		};
/* End PBXResourcesBuildPhase section */

/* Begin PBXSourcesBuildPhase section */
		5AFDA6EE2534FBE10058AC65 /* Sources */ = {
			isa = PBXSourcesBuildPhase;
			buildActionMask = 2147483647;
			files = (
				5AFDA729253506830058AC65 /* ViewController.swift in Sources */,
				5AFDA7172534FC9A0058AC65 /* CalcButton.swift in Sources */,
				5AFDA71E2534FEE30058AC65 /* StyleGuide.swift in Sources */,
				5AFDA6F62534FBE10058AC65 /* AppDelegate.swift in Sources */,
				5AFDA7142534FC800058AC65 /* CalcTextField.swift in Sources */,
				5AFDA6F82534FBE10058AC65 /* SceneDelegate.swift in Sources */,
			);
			runOnlyForDeploymentPostprocessing = 0;
		};
/* End PBXSourcesBuildPhase section */

/* Begin PBXVariantGroup section */
		5AFDA6FB2534FBE10058AC65 /* Main.storyboard */ = {
			isa = PBXVariantGroup;
			children = (
				5AFDA6FC2534FBE10058AC65 /* Base */,
			);
			name = Main.storyboard;
			sourceTree = "<group>";
		};
		5AFDA7002534FBE30058AC65 /* LaunchScreen.storyboard */ = {
			isa = PBXVariantGroup;
			children = (
				5AFDA7012534FBE30058AC65 /* Base */,
			);
			name = LaunchScreen.storyboard;
			sourceTree = "<group>";
		};
/* End PBXVariantGroup section */

/* Begin XCBuildConfiguration section */
		5AFDA7042534FBE30058AC65 /* Debug */ = {
			isa = XCBuildConfiguration;
			buildSettings = {
				ALWAYS_SEARCH_USER_PATHS = NO;
				CLANG_ANALYZER_NONNULL = YES;
				CLANG_ANALYZER_NUMBER_OBJECT_CONVERSION = YES_AGGRESSIVE;
				CLANG_CXX_LANGUAGE_STANDARD = "gnu++14";
				CLANG_CXX_LIBRARY = "libc++";
				CLANG_ENABLE_MODULES = YES;
				CLANG_ENABLE_OBJC_ARC = YES;
				CLANG_ENABLE_OBJC_WEAK = YES;
				CLANG_WARN_BLOCK_CAPTURE_AUTORELEASING = YES;
				CLANG_WARN_BOOL_CONVERSION = YES;
				CLANG_WARN_COMMA = YES;
				CLANG_WARN_CONSTANT_CONVERSION = YES;
				CLANG_WARN_DEPRECATED_OBJC_IMPLEMENTATIONS = YES;
				CLANG_WARN_DIRECT_OBJC_ISA_USAGE = YES_ERROR;
				CLANG_WARN_DOCUMENTATION_COMMENTS = YES;
				CLANG_WARN_EMPTY_BODY = YES;
				CLANG_WARN_ENUM_CONVERSION = YES;
				CLANG_WARN_INFINITE_RECURSION = YES;
				CLANG_WARN_INT_CONVERSION = YES;
				CLANG_WARN_NON_LITERAL_NULL_CONVERSION = YES;
				CLANG_WARN_OBJC_IMPLICIT_RETAIN_SELF = YES;
				CLANG_WARN_OBJC_LITERAL_CONVERSION = YES;
				CLANG_WARN_OBJC_ROOT_CLASS = YES_ERROR;
				CLANG_WARN_QUOTED_INCLUDE_IN_FRAMEWORK_HEADER = YES;
				CLANG_WARN_RANGE_LOOP_ANALYSIS = YES;
				CLANG_WARN_STRICT_PROTOTYPES = YES;
				CLANG_WARN_SUSPICIOUS_MOVE = YES;
				CLANG_WARN_UNGUARDED_AVAILABILITY = YES_AGGRESSIVE;
				CLANG_WARN_UNREACHABLE_CODE = YES;
				CLANG_WARN__DUPLICATE_METHOD_MATCH = YES;
				COPY_PHASE_STRIP = NO;
				DEBUG_INFORMATION_FORMAT = dwarf;
				ENABLE_STRICT_OBJC_MSGSEND = YES;
				ENABLE_TESTABILITY = YES;
				GCC_C_LANGUAGE_STANDARD = gnu11;
				GCC_DYNAMIC_NO_PIC = NO;
				GCC_NO_COMMON_BLOCKS = YES;
				GCC_OPTIMIZATION_LEVEL = 0;
				GCC_PREPROCESSOR_DEFINITIONS = (
					"DEBUG=1",
					"$(inherited)",
				);
				GCC_WARN_64_TO_32_BIT_CONVERSION = YES;
				GCC_WARN_ABOUT_RETURN_TYPE = YES_ERROR;
				GCC_WARN_UNDECLARED_SELECTOR = YES;
				GCC_WARN_UNINITIALIZED_AUTOS = YES_AGGRESSIVE;
				GCC_WARN_UNUSED_FUNCTION = YES;
				GCC_WARN_UNUSED_VARIABLE = YES;
				IPHONEOS_DEPLOYMENT_TARGET = 14.0;
				MTL_ENABLE_DEBUG_INFO = INCLUDE_SOURCE;
				MTL_FAST_MATH = YES;
				ONLY_ACTIVE_ARCH = YES;
				SDKROOT = iphoneos;
				SWIFT_ACTIVE_COMPILATION_CONDITIONS = DEBUG;
				SWIFT_OPTIMIZATION_LEVEL = "-Onone";
			};
			name = Debug;
		};
		5AFDA7052534FBE30058AC65 /* Release */ = {
			isa = XCBuildConfiguration;
			buildSettings = {
				ALWAYS_SEARCH_USER_PATHS = NO;
				CLANG_ANALYZER_NONNULL = YES;
				CLANG_ANALYZER_NUMBER_OBJECT_CONVERSION = YES_AGGRESSIVE;
				CLANG_CXX_LANGUAGE_STANDARD = "gnu++14";
				CLANG_CXX_LIBRARY = "libc++";
				CLANG_ENABLE_MODULES = YES;
				CLANG_ENABLE_OBJC_ARC = YES;
				CLANG_ENABLE_OBJC_WEAK = YES;
				CLANG_WARN_BLOCK_CAPTURE_AUTORELEASING = YES;
				CLANG_WARN_BOOL_CONVERSION = YES;
				CLANG_WARN_COMMA = YES;
				CLANG_WARN_CONSTANT_CONVERSION = YES;
				CLANG_WARN_DEPRECATED_OBJC_IMPLEMENTATIONS = YES;
				CLANG_WARN_DIRECT_OBJC_ISA_USAGE = YES_ERROR;
				CLANG_WARN_DOCUMENTATION_COMMENTS = YES;
				CLANG_WARN_EMPTY_BODY = YES;
				CLANG_WARN_ENUM_CONVERSION = YES;
				CLANG_WARN_INFINITE_RECURSION = YES;
				CLANG_WARN_INT_CONVERSION = YES;
				CLANG_WARN_NON_LITERAL_NULL_CONVERSION = YES;
				CLANG_WARN_OBJC_IMPLICIT_RETAIN_SELF = YES;
				CLANG_WARN_OBJC_LITERAL_CONVERSION = YES;
				CLANG_WARN_OBJC_ROOT_CLASS = YES_ERROR;
				CLANG_WARN_QUOTED_INCLUDE_IN_FRAMEWORK_HEADER = YES;
				CLANG_WARN_RANGE_LOOP_ANALYSIS = YES;
				CLANG_WARN_STRICT_PROTOTYPES = YES;
				CLANG_WARN_SUSPICIOUS_MOVE = YES;
				CLANG_WARN_UNGUARDED_AVAILABILITY = YES_AGGRESSIVE;
				CLANG_WARN_UNREACHABLE_CODE = YES;
				CLANG_WARN__DUPLICATE_METHOD_MATCH = YES;
				COPY_PHASE_STRIP = NO;
				DEBUG_INFORMATION_FORMAT = "dwarf-with-dsym";
				ENABLE_NS_ASSERTIONS = NO;
				ENABLE_STRICT_OBJC_MSGSEND = YES;
				GCC_C_LANGUAGE_STANDARD = gnu11;
				GCC_NO_COMMON_BLOCKS = YES;
				GCC_WARN_64_TO_32_BIT_CONVERSION = YES;
				GCC_WARN_ABOUT_RETURN_TYPE = YES_ERROR;
				GCC_WARN_UNDECLARED_SELECTOR = YES;
				GCC_WARN_UNINITIALIZED_AUTOS = YES_AGGRESSIVE;
				GCC_WARN_UNUSED_FUNCTION = YES;
				GCC_WARN_UNUSED_VARIABLE = YES;
				IPHONEOS_DEPLOYMENT_TARGET = 14.0;
				MTL_ENABLE_DEBUG_INFO = NO;
				MTL_FAST_MATH = YES;
				SDKROOT = iphoneos;
				SWIFT_COMPILATION_MODE = wholemodule;
				SWIFT_OPTIMIZATION_LEVEL = "-O";
				VALIDATE_PRODUCT = YES;
			};
			name = Release;
		};
		5AFDA7072534FBE30058AC65 /* Debug */ = {
			isa = XCBuildConfiguration;
			buildSettings = {
				ASSETCATALOG_COMPILER_APPICON_NAME = AppIcon;
				ASSETCATALOG_COMPILER_GLOBAL_ACCENT_COLOR_NAME = AccentColor;
				CODE_SIGN_STYLE = Automatic;
				DEVELOPMENT_TEAM = LTSUF8MAG6;
				INFOPLIST_FILE = TipCalculator/Resources/Info.plist;
				LD_RUNPATH_SEARCH_PATHS = (
					"$(inherited)",
					"@executable_path/Frameworks",
				);
				PRODUCT_BUNDLE_IDENTIFIER = com.KalebCarrizoza.dvmtn.TipCalculator;
				PRODUCT_NAME = "$(TARGET_NAME)";
				SWIFT_VERSION = 5.0;
				TARGETED_DEVICE_FAMILY = "1,2";
			};
			name = Debug;
		};
		5AFDA7082534FBE30058AC65 /* Release */ = {
			isa = XCBuildConfiguration;
			buildSettings = {
				ASSETCATALOG_COMPILER_APPICON_NAME = AppIcon;
				ASSETCATALOG_COMPILER_GLOBAL_ACCENT_COLOR_NAME = AccentColor;
				CODE_SIGN_STYLE = Automatic;
				DEVELOPMENT_TEAM = LTSUF8MAG6;
				INFOPLIST_FILE = TipCalculator/Resources/Info.plist;
				LD_RUNPATH_SEARCH_PATHS = (
					"$(inherited)",
					"@executable_path/Frameworks",
				);
				PRODUCT_BUNDLE_IDENTIFIER = com.KalebCarrizoza.dvmtn.TipCalculator;
				PRODUCT_NAME = "$(TARGET_NAME)";
				SWIFT_VERSION = 5.0;
				TARGETED_DEVICE_FAMILY = "1,2";
			};
			name = Release;
		};
/* End XCBuildConfiguration section */

/* Begin XCConfigurationList section */
		5AFDA6ED2534FBE10058AC65 /* Build configuration list for PBXProject "TipCalculator" */ = {
			isa = XCConfigurationList;
			buildConfigurations = (
				5AFDA7042534FBE30058AC65 /* Debug */,
				5AFDA7052534FBE30058AC65 /* Release */,
			);
			defaultConfigurationIsVisible = 0;
			defaultConfigurationName = Release;
		};
		5AFDA7062534FBE30058AC65 /* Build configuration list for PBXNativeTarget "TipCalculator" */ = {
			isa = XCConfigurationList;
			buildConfigurations = (
				5AFDA7072534FBE30058AC65 /* Debug */,
				5AFDA7082534FBE30058AC65 /* Release */,
			);
			defaultConfigurationIsVisible = 0;
			defaultConfigurationName = Release;
		};
/* End XCConfigurationList section */
	};
	rootObject = 5AFDA6EA2534FBE10058AC65 /* Project object */;
}
